
Microsoft Visual Studio Solution File, Format Version 12.00
# Visual Studio Version 17
VisualStudioVersion = 17.14.36221.1 d17.14
MinimumVisualStudioVersion = 10.0.40219.1
Project("{FAE04EC0-301F-11D3-BF4B-00C04F79EFBC}") = "2_14fi_console", "2_14fi_console\2_14fi_console.csproj", "{9EFCF1CE-797B-401A-88EF-57C021333306}"
EndProject
Global
	GlobalSection(SolutionConfigurationPlatforms) = preSolution
		Debug|Any CPU = Debug|Any CPU
		Release|Any CPU = Release|Any CPU
	EndGlobalSection
	GlobalSection(ProjectConfigurationPlatforms) = postSolution
		{9EFCF1CE-797B-401A-88EF-57C021333306}.Debug|Any CPU.ActiveCfg = Debug|Any CPU
		{9EFCF1CE-797B-401A-88EF-57C021333306}.Debug|Any CPU.Build.0 = Debug|Any CPU
		{9EFCF1CE-797B-401A-88EF-57C021333306}.Release|Any CPU.ActiveCfg = Release|Any CPU
		{9EFCF1CE-797B-401A-88EF-57C021333306}.Release|Any CPU.Build.0 = Release|Any CPU
	EndGlobalSection
	GlobalSection(SolutionProperties) = preSolution
		HideSolutionNode = FALSE
	EndGlobalSection
	GlobalSection(ExtensibilityGlobals) = postSolution
		SolutionGuid = {568BFD5F-4D24-40B1-A563-501AE7472E04}
	EndGlobalSection
EndGlobal
